
Microsoft Visual Studio Solution File, Format Version 12.00
# Visual Studio Version 16
VisualStudioVersion = 16.0.29806.167
MinimumVisualStudioVersion = 10.0.40219.1
Project("{9A19103F-16F7-4668-BE54-9A1E7A4F7556}") = "TestAppJulia", "TestAppJulia\TestAppJulia.csproj", "{D8AAA316-E96E-4A57-8FB4-2D11742BFCF4}"
EndProject
Project("{9A19103F-16F7-4668-BE54-9A1E7A4F7556}") = "Database", "Database\Database.csproj", "{9213C6CB-F0D9-4DF3-9440-407234A08EAF}"
EndProject
Project("{9A19103F-16F7-4668-BE54-9A1E7A4F7556}") = "Utils", "Utils\Utils.csproj", "{CF1427D8-E8CE-4A2A-AE8D-7068A4B760C0}"
EndProject
Project("{FAE04EC0-301F-11D3-BF4B-00C04F79EFBC}") = "Identity", "Identity\Identity.csproj", "{D744A2CF-5549-4155-9E05-69669123CE40}"
EndProject
Global
	GlobalSection(SolutionConfigurationPlatforms) = preSolution
		Debug|Any CPU = Debug|Any CPU
		Release|Any CPU = Release|Any CPU
	EndGlobalSection
	GlobalSection(ProjectConfigurationPlatforms) = postSolution
		{D8AAA316-E96E-4A57-8FB4-2D11742BFCF4}.Debug|Any CPU.ActiveCfg = Debug|Any CPU
		{D8AAA316-E96E-4A57-8FB4-2D11742BFCF4}.Debug|Any CPU.Build.0 = Debug|Any CPU
		{D8AAA316-E96E-4A57-8FB4-2D11742BFCF4}.Release|Any CPU.ActiveCfg = Release|Any CPU
		{D8AAA316-E96E-4A57-8FB4-2D11742BFCF4}.Release|Any CPU.Build.0 = Release|Any CPU
		{9213C6CB-F0D9-4DF3-9440-407234A08EAF}.Debug|Any CPU.ActiveCfg = Debug|Any CPU
		{9213C6CB-F0D9-4DF3-9440-407234A08EAF}.Debug|Any CPU.Build.0 = Debug|Any CPU
		{9213C6CB-F0D9-4DF3-9440-407234A08EAF}.Release|Any CPU.ActiveCfg = Release|Any CPU
		{9213C6CB-F0D9-4DF3-9440-407234A08EAF}.Release|Any CPU.Build.0 = Release|Any CPU
		{CF1427D8-E8CE-4A2A-AE8D-7068A4B760C0}.Debug|Any CPU.ActiveCfg = Debug|Any CPU
		{CF1427D8-E8CE-4A2A-AE8D-7068A4B760C0}.Debug|Any CPU.Build.0 = Debug|Any CPU
		{CF1427D8-E8CE-4A2A-AE8D-7068A4B760C0}.Release|Any CPU.ActiveCfg = Release|Any CPU
		{CF1427D8-E8CE-4A2A-AE8D-7068A4B760C0}.Release|Any CPU.Build.0 = Release|Any CPU
		{D744A2CF-5549-4155-9E05-69669123CE40}.Debug|Any CPU.ActiveCfg = Debug|Any CPU
		{D744A2CF-5549-4155-9E05-69669123CE40}.Debug|Any CPU.Build.0 = Debug|Any CPU
		{D744A2CF-5549-4155-9E05-69669123CE40}.Release|Any CPU.ActiveCfg = Release|Any CPU
		{D744A2CF-5549-4155-9E05-69669123CE40}.Release|Any CPU.Build.0 = Release|Any CPU
	EndGlobalSection
	GlobalSection(SolutionProperties) = preSolution
		HideSolutionNode = FALSE
	EndGlobalSection
	GlobalSection(ExtensibilityGlobals) = postSolution
		SolutionGuid = {006730B8-34F1-4C3B-9D50-DE086E93430F}
	EndGlobalSection
EndGlobal
